// !$*UTF8*$!
{
	archiveVersion = 1;
	classes = {
	};
	objectVersion = 50;
	objects = {

/* Begin PBXBuildFile section */
		73296D4721087C37001B207E /* AACHelper.m in Sources */ = {isa = PBXBuildFile; fileRef = 73296D4621087C37001B207E /* AACHelper.m */; };
		73492F302117F8C00022A425 /* RtmpSocket.m in Sources */ = {isa = PBXBuildFile; fileRef = 73492F2E2117F8C00022A425 /* RtmpSocket.m */; };
		73492F43211921A70022A425 /* log.c in Sources */ = {isa = PBXBuildFile; fileRef = 73492F33211921A70022A425 /* log.c */; };
		73492F44211921A70022A425 /* hashswf.c in Sources */ = {isa = PBXBuildFile; fileRef = 73492F3A211921A70022A425 /* hashswf.c */; };
		73492F45211921A70022A425 /* rtmp.c in Sources */ = {isa = PBXBuildFile; fileRef = 73492F3B211921A70022A425 /* rtmp.c */; };
		73492F46211921A70022A425 /* error.c in Sources */ = {isa = PBXBuildFile; fileRef = 73492F3D211921A70022A425 /* error.c */; };
		73492F47211921A70022A425 /* parseurl.c in Sources */ = {isa = PBXBuildFile; fileRef = 73492F40211921A70022A425 /* parseurl.c */; };
		73492F48211921A70022A425 /* amf.c in Sources */ = {isa = PBXBuildFile; fileRef = 73492F41211921A70022A425 /* amf.c */; };
		73492F4B211922140022A425 /* libcrypto.a in Frameworks */ = {isa = PBXBuildFile; fileRef = 73492F49211922140022A425 /* libcrypto.a */; };
		73492F4C211922140022A425 /* libssl.a in Frameworks */ = {isa = PBXBuildFile; fileRef = 73492F4A211922140022A425 /* libssl.a */; };
		734A2312210B1E0100D44129 /* AACAudioBuffer.m in Sources */ = {isa = PBXBuildFile; fileRef = 734A2307210B1E0100D44129 /* AACAudioBuffer.m */; };
		734A2313210B1E0100D44129 /* AACAudioFileStream.m in Sources */ = {isa = PBXBuildFile; fileRef = 734A2309210B1E0100D44129 /* AACAudioFileStream.m */; };
		734A2314210B1E0100D44129 /* AACParsedAudioData.m in Sources */ = {isa = PBXBuildFile; fileRef = 734A230D210B1E0100D44129 /* AACParsedAudioData.m */; };
		734A2315210B1E0100D44129 /* AACAudioOutputQueue.m in Sources */ = {isa = PBXBuildFile; fileRef = 734A230E210B1E0100D44129 /* AACAudioOutputQueue.m */; };
		734A2316210B1E0100D44129 /* AACAudioFile.m in Sources */ = {isa = PBXBuildFile; fileRef = 734A2310210B1E0100D44129 /* AACAudioFile.m */; };
		734A2317210B1E0100D44129 /* AACAudioPlayer.m in Sources */ = {isa = PBXBuildFile; fileRef = 734A2311210B1E0100D44129 /* AACAudioPlayer.m */; };
		736F67782111635B0027F52F /* test.h264 in Resources */ = {isa = PBXBuildFile; fileRef = 736F67772111635B0027F52F /* test.h264 */; };
		736F67812111CD0D0027F52F /* test.aac in Resources */ = {isa = PBXBuildFile; fileRef = 736F67802111CD0D0027F52F /* test.aac */; };
		736F678E21130B310027F52F /* AACDecoder.m in Sources */ = {isa = PBXBuildFile; fileRef = 736F678D21130B310027F52F /* AACDecoder.m */; };
		7393C6EA210EA07700790620 /* MP3Sample.mp3 in Resources */ = {isa = PBXBuildFile; fileRef = 7393C6E9210EA07700790620 /* MP3Sample.mp3 */; };
		73B55D5620FEC8F4008C3DE6 /* AppDelegate.m in Sources */ = {isa = PBXBuildFile; fileRef = 73B55D5520FEC8F4008C3DE6 /* AppDelegate.m */; };
		73B55D5920FEC8F4008C3DE6 /* ViewController.m in Sources */ = {isa = PBXBuildFile; fileRef = 73B55D5820FEC8F4008C3DE6 /* ViewController.m */; };
		73B55D5C20FEC8F4008C3DE6 /* Main.storyboard in Resources */ = {isa = PBXBuildFile; fileRef = 73B55D5A20FEC8F4008C3DE6 /* Main.storyboard */; };
		73B55D5E20FEC8F5008C3DE6 /* Assets.xcassets in Resources */ = {isa = PBXBuildFile; fileRef = 73B55D5D20FEC8F5008C3DE6 /* Assets.xcassets */; };
		73B55D6120FEC8F5008C3DE6 /* LaunchScreen.storyboard in Resources */ = {isa = PBXBuildFile; fileRef = 73B55D5F20FEC8F5008C3DE6 /* LaunchScreen.storyboard */; };
		73B55D6420FEC8F5008C3DE6 /* main.m in Sources */ = {isa = PBXBuildFile; fileRef = 73B55D6320FEC8F5008C3DE6 /* main.m */; };
		73B55D7120FECA89008C3DE6 /* AAPLEAGLLayer.m in Sources */ = {isa = PBXBuildFile; fileRef = 73B55D6D20FECA89008C3DE6 /* AAPLEAGLLayer.m */; };
		73B55D7220FECA89008C3DE6 /* H264HwEncoder.m in Sources */ = {isa = PBXBuildFile; fileRef = 73B55D6E20FECA89008C3DE6 /* H264HwEncoder.m */; };
		73B55D7320FECA89008C3DE6 /* H264HwDecoder.m in Sources */ = {isa = PBXBuildFile; fileRef = 73B55D7020FECA89008C3DE6 /* H264HwDecoder.m */; };
		73C342EA21001E910005BE62 /* GCDWebUploader.bundle in Resources */ = {isa = PBXBuildFile; fileRef = 73C342C421001E910005BE62 /* GCDWebUploader.bundle */; };
		73C342EB21001E910005BE62 /* GCDWebUploader.m in Sources */ = {isa = PBXBuildFile; fileRef = 73C342C621001E910005BE62 /* GCDWebUploader.m */; };
		73C342EC21001E910005BE62 /* GCDWebDAVServer.m in Sources */ = {isa = PBXBuildFile; fileRef = 73C342C921001E910005BE62 /* GCDWebDAVServer.m */; };
		73C342ED21001E910005BE62 /* GCDWebServerResponse.m in Sources */ = {isa = PBXBuildFile; fileRef = 73C342CE21001E910005BE62 /* GCDWebServerResponse.m */; };
		73C342EE21001E910005BE62 /* GCDWebServerRequest.m in Sources */ = {isa = PBXBuildFile; fileRef = 73C342D121001E910005BE62 /* GCDWebServerRequest.m */; };
		73C342EF21001E910005BE62 /* GCDWebServerFunctions.m in Sources */ = {isa = PBXBuildFile; fileRef = 73C342D421001E910005BE62 /* GCDWebServerFunctions.m */; };
		73C342F021001E910005BE62 /* GCDWebServer.m in Sources */ = {isa = PBXBuildFile; fileRef = 73C342D521001E910005BE62 /* GCDWebServer.m */; };
		73C342F121001E910005BE62 /* GCDWebServerConnection.m in Sources */ = {isa = PBXBuildFile; fileRef = 73C342D621001E910005BE62 /* GCDWebServerConnection.m */; };
		73C342F221001E910005BE62 /* GCDWebServerErrorResponse.m in Sources */ = {isa = PBXBuildFile; fileRef = 73C342DB21001E910005BE62 /* GCDWebServerErrorResponse.m */; };
		73C342F321001E910005BE62 /* GCDWebServerFileResponse.m in Sources */ = {isa = PBXBuildFile; fileRef = 73C342DD21001E910005BE62 /* GCDWebServerFileResponse.m */; };
		73C342F421001E910005BE62 /* GCDWebServerDataResponse.m in Sources */ = {isa = PBXBuildFile; fileRef = 73C342DE21001E910005BE62 /* GCDWebServerDataResponse.m */; };
		73C342F521001E910005BE62 /* GCDWebServerStreamedResponse.m in Sources */ = {isa = PBXBuildFile; fileRef = 73C342E021001E910005BE62 /* GCDWebServerStreamedResponse.m */; };
		73C342F621001E910005BE62 /* GCDWebServerURLEncodedFormRequest.m in Sources */ = {isa = PBXBuildFile; fileRef = 73C342E521001E910005BE62 /* GCDWebServerURLEncodedFormRequest.m */; };
		73C342F721001E910005BE62 /* GCDWebServerMultiPartFormRequest.m in Sources */ = {isa = PBXBuildFile; fileRef = 73C342E621001E910005BE62 /* GCDWebServerMultiPartFormRequest.m */; };
		73C342F821001E910005BE62 /* GCDWebServerDataRequest.m in Sources */ = {isa = PBXBuildFile; fileRef = 73C342E721001E910005BE62 /* GCDWebServerDataRequest.m */; };
		73C342F921001E910005BE62 /* GCDWebServerFileRequest.m in Sources */ = {isa = PBXBuildFile; fileRef = 73C342E821001E910005BE62 /* GCDWebServerFileRequest.m */; };
		73C342FC210021560005BE62 /* libxml2.2.tbd in Frameworks */ = {isa = PBXBuildFile; fileRef = 73C342FB210021560005BE62 /* libxml2.2.tbd */; };
		73C342FF21007B240005BE62 /* NaluHelper.m in Sources */ = {isa = PBXBuildFile; fileRef = 73C342FE21007B240005BE62 /* NaluHelper.m */; };
		73C34302210088E20005BE62 /* H264ToMp4.m in Sources */ = {isa = PBXBuildFile; fileRef = 73C34301210088E20005BE62 /* H264ToMp4.m */; };
		73D60B982105A6B400A2B2B2 /* AACEncoder.m in Sources */ = {isa = PBXBuildFile; fileRef = 73D60B972105A6B400A2B2B2 /* AACEncoder.m */; };
/* End PBXBuildFile section */

/* Begin PBXFileReference section */
		73296D4521087C37001B207E /* AACHelper.h */ = {isa = PBXFileReference; lastKnownFileType = sourcecode.c.h; path = AACHelper.h; sourceTree = "<group>"; };
		73296D4621087C37001B207E /* AACHelper.m */ = {isa = PBXFileReference; lastKnownFileType = sourcecode.c.objc; path = AACHelper.m; sourceTree = "<group>"; };
		73492F2E2117F8C00022A425 /* RtmpSocket.m */ = {isa = PBXFileReference; fileEncoding = 4; lastKnownFileType = sourcecode.c.objc; path = RtmpSocket.m; sourceTree = "<group>"; };
		73492F2F2117F8C00022A425 /* RtmpSocket.h */ = {isa = PBXFileReference; fileEncoding = 4; lastKnownFileType = sourcecode.c.h; path = RtmpSocket.h; sourceTree = "<group>"; };
		73492F33211921A70022A425 /* log.c */ = {isa = PBXFileReference; fileEncoding = 4; lastKnownFileType = sourcecode.c.c; path = log.c; sourceTree = "<group>"; };
		73492F34211921A70022A425 /* error.h */ = {isa = PBXFileReference; fileEncoding = 4; lastKnownFileType = sourcecode.c.h; path = error.h; sourceTree = "<group>"; };
		73492F35211921A70022A425 /* http.h */ = {isa = PBXFileReference; fileEncoding = 4; lastKnownFileType = sourcecode.c.h; path = http.h; sourceTree = "<group>"; };
		73492F36211921A70022A425 /* handshake.h */ = {isa = PBXFileReference; fileEncoding = 4; lastKnownFileType = sourcecode.c.h; path = handshake.h; sourceTree = "<group>"; };
		73492F37211921A70022A425 /* dh.h */ = {isa = PBXFileReference; fileEncoding = 4; lastKnownFileType = sourcecode.c.h; path = dh.h; sourceTree = "<group>"; };
		73492F38211921A70022A425 /* dhgroups.h */ = {isa = PBXFileReference; fileEncoding = 4; lastKnownFileType = sourcecode.c.h; path = dhgroups.h; sourceTree = "<group>"; };
		73492F39211921A70022A425 /* rtmp_sys.h */ = {isa = PBXFileReference; fileEncoding = 4; lastKnownFileType = sourcecode.c.h; path = rtmp_sys.h; sourceTree = "<group>"; };
		73492F3A211921A70022A425 /* hashswf.c */ = {isa = PBXFileReference; fileEncoding = 4; lastKnownFileType = sourcecode.c.c; path = hashswf.c; sourceTree = "<group>"; };
		73492F3B211921A70022A425 /* rtmp.c */ = {isa = PBXFileReference; fileEncoding = 4; lastKnownFileType = sourcecode.c.c; path = rtmp.c; sourceTree = "<group>"; };
		73492F3C211921A70022A425 /* amf.h */ = {isa = PBXFileReference; fileEncoding = 4; lastKnownFileType = sourcecode.c.h; path = amf.h; sourceTree = "<group>"; };
		73492F3D211921A70022A425 /* error.c */ = {isa = PBXFileReference; fileEncoding = 4; lastKnownFileType = sourcecode.c.c; path = error.c; sourceTree = "<group>"; };
		73492F3E211921A70022A425 /* log.h */ = {isa = PBXFileReference; fileEncoding = 4; lastKnownFileType = sourcecode.c.h; path = log.h; sourceTree = "<group>"; };
		73492F3F211921A70022A425 /* bytes.h */ = {isa = PBXFileReference; fileEncoding = 4; lastKnownFileType = sourcecode.c.h; path = bytes.h; sourceTree = "<group>"; };
		73492F40211921A70022A425 /* parseurl.c */ = {isa = PBXFileReference; fileEncoding = 4; lastKnownFileType = sourcecode.c.c; path = parseurl.c; sourceTree = "<group>"; };
		73492F41211921A70022A425 /* amf.c */ = {isa = PBXFileReference; fileEncoding = 4; lastKnownFileType = sourcecode.c.c; path = amf.c; sourceTree = "<group>"; };
		73492F42211921A70022A425 /* rtmp.h */ = {isa = PBXFileReference; fileEncoding = 4; lastKnownFileType = sourcecode.c.h; path = rtmp.h; sourceTree = "<group>"; };
		73492F49211922140022A425 /* libcrypto.a */ = {isa = PBXFileReference; lastKnownFileType = archive.ar; path = libcrypto.a; sourceTree = "<group>"; };
		73492F4A211922140022A425 /* libssl.a */ = {isa = PBXFileReference; lastKnownFileType = archive.ar; path = libssl.a; sourceTree = "<group>"; };
		734A2306210B1E0100D44129 /* AACParsedAudioData.h */ = {isa = PBXFileReference; fileEncoding = 4; lastKnownFileType = sourcecode.c.h; path = AACParsedAudioData.h; sourceTree = "<group>"; };
		734A2307210B1E0100D44129 /* AACAudioBuffer.m */ = {isa = PBXFileReference; fileEncoding = 4; lastKnownFileType = sourcecode.c.objc; path = AACAudioBuffer.m; sourceTree = "<group>"; };
		734A2308210B1E0100D44129 /* AACAudioOutputQueue.h */ = {isa = PBXFileReference; fileEncoding = 4; lastKnownFileType = sourcecode.c.h; path = AACAudioOutputQueue.h; sourceTree = "<group>"; };
		734A2309210B1E0100D44129 /* AACAudioFileStream.m */ = {isa = PBXFileReference; fileEncoding = 4; lastKnownFileType = sourcecode.c.objc; path = AACAudioFileStream.m; sourceTree = "<group>"; };
		734A230A210B1E0100D44129 /* AACAudioPlayer.h */ = {isa = PBXFileReference; fileEncoding = 4; lastKnownFileType = sourcecode.c.h; path = AACAudioPlayer.h; sourceTree = "<group>"; };
		734A230B210B1E0100D44129 /* AACAudioFile.h */ = {isa = PBXFileReference; fileEncoding = 4; lastKnownFileType = sourcecode.c.h; path = AACAudioFile.h; sourceTree = "<group>"; };
		734A230C210B1E0100D44129 /* AACAudioBuffer.h */ = {isa = PBXFileReference; fileEncoding = 4; lastKnownFileType = sourcecode.c.h; path = AACAudioBuffer.h; sourceTree = "<group>"; };
		734A230D210B1E0100D44129 /* AACParsedAudioData.m */ = {isa = PBXFileReference; fileEncoding = 4; lastKnownFileType = sourcecode.c.objc; path = AACParsedAudioData.m; sourceTree = "<group>"; };
		734A230E210B1E0100D44129 /* AACAudioOutputQueue.m */ = {isa = PBXFileReference; fileEncoding = 4; lastKnownFileType = sourcecode.c.objc; path = AACAudioOutputQueue.m; sourceTree = "<group>"; };
		734A230F210B1E0100D44129 /* AACAudioFileStream.h */ = {isa = PBXFileReference; fileEncoding = 4; lastKnownFileType = sourcecode.c.h; path = AACAudioFileStream.h; sourceTree = "<group>"; };
		734A2310210B1E0100D44129 /* AACAudioFile.m */ = {isa = PBXFileReference; fileEncoding = 4; lastKnownFileType = sourcecode.c.objc; path = AACAudioFile.m; sourceTree = "<group>"; };
		734A2311210B1E0100D44129 /* AACAudioPlayer.m */ = {isa = PBXFileReference; fileEncoding = 4; lastKnownFileType = sourcecode.c.objc; path = AACAudioPlayer.m; sourceTree = "<group>"; };
		736F67772111635B0027F52F /* test.h264 */ = {isa = PBXFileReference; lastKnownFileType = file; path = test.h264; sourceTree = "<group>"; };
		736F67802111CD0D0027F52F /* test.aac */ = {isa = PBXFileReference; lastKnownFileType = file; path = test.aac; sourceTree = "<group>"; };
		736F678C21130B310027F52F /* AACDecoder.h */ = {isa = PBXFileReference; fileEncoding = 4; lastKnownFileType = sourcecode.c.h; path = AACDecoder.h; sourceTree = "<group>"; };
		736F678D21130B310027F52F /* AACDecoder.m */ = {isa = PBXFileReference; fileEncoding = 4; lastKnownFileType = sourcecode.c.objc; path = AACDecoder.m; sourceTree = "<group>"; };
		7393C6E9210EA07700790620 /* MP3Sample.mp3 */ = {isa = PBXFileReference; lastKnownFileType = audio.mp3; path = MP3Sample.mp3; sourceTree = "<group>"; };
		73B55D5120FEC8F3008C3DE6 /* VTH264Demo.app */ = {isa = PBXFileReference; explicitFileType = wrapper.application; includeInIndex = 0; path = VTH264Demo.app; sourceTree = BUILT_PRODUCTS_DIR; };
		73B55D5420FEC8F4008C3DE6 /* AppDelegate.h */ = {isa = PBXFileReference; lastKnownFileType = sourcecode.c.h; path = AppDelegate.h; sourceTree = "<group>"; };
		73B55D5520FEC8F4008C3DE6 /* AppDelegate.m */ = {isa = PBXFileReference; lastKnownFileType = sourcecode.c.objc; path = AppDelegate.m; sourceTree = "<group>"; };
		73B55D5720FEC8F4008C3DE6 /* ViewController.h */ = {isa = PBXFileReference; lastKnownFileType = sourcecode.c.h; path = ViewController.h; sourceTree = "<group>"; };
		73B55D5820FEC8F4008C3DE6 /* ViewController.m */ = {isa = PBXFileReference; lastKnownFileType = sourcecode.c.objc; path = ViewController.m; sourceTree = "<group>"; };
		73B55D5B20FEC8F4008C3DE6 /* Base */ = {isa = PBXFileReference; lastKnownFileType = file.storyboard; name = Base; path = Base.lproj/Main.storyboard; sourceTree = "<group>"; };
		73B55D5D20FEC8F5008C3DE6 /* Assets.xcassets */ = {isa = PBXFileReference; lastKnownFileType = folder.assetcatalog; path = Assets.xcassets; sourceTree = "<group>"; };
		73B55D6020FEC8F5008C3DE6 /* Base */ = {isa = PBXFileReference; lastKnownFileType = file.storyboard; name = Base; path = Base.lproj/LaunchScreen.storyboard; sourceTree = "<group>"; };
		73B55D6220FEC8F5008C3DE6 /* Info.plist */ = {isa = PBXFileReference; lastKnownFileType = text.plist.xml; path = Info.plist; sourceTree = "<group>"; };
		73B55D6320FEC8F5008C3DE6 /* main.m */ = {isa = PBXFileReference; lastKnownFileType = sourcecode.c.objc; path = main.m; sourceTree = "<group>"; };
		73B55D6B20FECA89008C3DE6 /* H264HwEncoder.h */ = {isa = PBXFileReference; fileEncoding = 4; lastKnownFileType = sourcecode.c.h; path = H264HwEncoder.h; sourceTree = "<group>"; };
		73B55D6C20FECA89008C3DE6 /* H264HwDecoder.h */ = {isa = PBXFileReference; fileEncoding = 4; lastKnownFileType = sourcecode.c.h; path = H264HwDecoder.h; sourceTree = "<group>"; };
		73B55D6D20FECA89008C3DE6 /* AAPLEAGLLayer.m */ = {isa = PBXFileReference; fileEncoding = 4; lastKnownFileType = sourcecode.c.objc; path = AAPLEAGLLayer.m; sourceTree = "<group>"; };
		73B55D6E20FECA89008C3DE6 /* H264HwEncoder.m */ = {isa = PBXFileReference; fileEncoding = 4; lastKnownFileType = sourcecode.c.objc; path = H264HwEncoder.m; sourceTree = "<group>"; };
		73B55D6F20FECA89008C3DE6 /* AAPLEAGLLayer.h */ = {isa = PBXFileReference; fileEncoding = 4; lastKnownFileType = sourcecode.c.h; path = AAPLEAGLLayer.h; sourceTree = "<group>"; };
		73B55D7020FECA89008C3DE6 /* H264HwDecoder.m */ = {isa = PBXFileReference; fileEncoding = 4; lastKnownFileType = sourcecode.c.objc; path = H264HwDecoder.m; sourceTree = "<group>"; };
		73C342C421001E910005BE62 /* GCDWebUploader.bundle */ = {isa = PBXFileReference; lastKnownFileType = "wrapper.plug-in"; path = GCDWebUploader.bundle; sourceTree = "<group>"; };
		73C342C521001E910005BE62 /* GCDWebUploader.h */ = {isa = PBXFileReference; fileEncoding = 4; lastKnownFileType = sourcecode.c.h; path = GCDWebUploader.h; sourceTree = "<group>"; };
		73C342C621001E910005BE62 /* GCDWebUploader.m */ = {isa = PBXFileReference; fileEncoding = 4; lastKnownFileType = sourcecode.c.objc; path = GCDWebUploader.m; sourceTree = "<group>"; };
		73C342C821001E910005BE62 /* GCDWebDAVServer.h */ = {isa = PBXFileReference; fileEncoding = 4; lastKnownFileType = sourcecode.c.h; path = GCDWebDAVServer.h; sourceTree = "<group>"; };
		73C342C921001E910005BE62 /* GCDWebDAVServer.m */ = {isa = PBXFileReference; fileEncoding = 4; lastKnownFileType = sourcecode.c.objc; path = GCDWebDAVServer.m; sourceTree = "<group>"; };
		73C342CC21001E910005BE62 /* GCDWebServerFunctions.h */ = {isa = PBXFileReference; fileEncoding = 4; lastKnownFileType = sourcecode.c.h; path = GCDWebServerFunctions.h; sourceTree = "<group>"; };
		73C342CD21001E910005BE62 /* GCDWebServerPrivate.h */ = {isa = PBXFileReference; fileEncoding = 4; lastKnownFileType = sourcecode.c.h; path = GCDWebServerPrivate.h; sourceTree = "<group>"; };
		73C342CE21001E910005BE62 /* GCDWebServerResponse.m */ = {isa = PBXFileReference; fileEncoding = 4; lastKnownFileType = sourcecode.c.objc; path = GCDWebServerResponse.m; sourceTree = "<group>"; };
		73C342CF21001E910005BE62 /* GCDWebServerConnection.h */ = {isa = PBXFileReference; fileEncoding = 4; lastKnownFileType = sourcecode.c.h; path = GCDWebServerConnection.h; sourceTree = "<group>"; };
		73C342D021001E910005BE62 /* GCDWebServer.h */ = {isa = PBXFileReference; fileEncoding = 4; lastKnownFileType = sourcecode.c.h; path = GCDWebServer.h; sourceTree = "<group>"; };
		73C342D121001E910005BE62 /* GCDWebServerRequest.m */ = {isa = PBXFileReference; fileEncoding = 4; lastKnownFileType = sourcecode.c.objc; path = GCDWebServerRequest.m; sourceTree = "<group>"; };
		73C342D221001E910005BE62 /* GCDWebServerHTTPStatusCodes.h */ = {isa = PBXFileReference; fileEncoding = 4; lastKnownFileType = sourcecode.c.h; path = GCDWebServerHTTPStatusCodes.h; sourceTree = "<group>"; };
		73C342D321001E910005BE62 /* GCDWebServerResponse.h */ = {isa = PBXFileReference; fileEncoding = 4; lastKnownFileType = sourcecode.c.h; path = GCDWebServerResponse.h; sourceTree = "<group>"; };
		73C342D421001E910005BE62 /* GCDWebServerFunctions.m */ = {isa = PBXFileReference; fileEncoding = 4; lastKnownFileType = sourcecode.c.objc; path = GCDWebServerFunctions.m; sourceTree = "<group>"; };
		73C342D521001E910005BE62 /* GCDWebServer.m */ = {isa = PBXFileReference; fileEncoding = 4; lastKnownFileType = sourcecode.c.objc; path = GCDWebServer.m; sourceTree = "<group>"; };
		73C342D621001E910005BE62 /* GCDWebServerConnection.m */ = {isa = PBXFileReference; fileEncoding = 4; lastKnownFileType = sourcecode.c.objc; path = GCDWebServerConnection.m; sourceTree = "<group>"; };
		73C342D721001E910005BE62 /* GCDWebServerRequest.h */ = {isa = PBXFileReference; fileEncoding = 4; lastKnownFileType = sourcecode.c.h; path = GCDWebServerRequest.h; sourceTree = "<group>"; };
		73C342D921001E910005BE62 /* GCDWebServerFileResponse.h */ = {isa = PBXFileReference; fileEncoding = 4; lastKnownFileType = sourcecode.c.h; path = GCDWebServerFileResponse.h; sourceTree = "<group>"; };
		73C342DA21001E910005BE62 /* GCDWebServerStreamedResponse.h */ = {isa = PBXFileReference; fileEncoding = 4; lastKnownFileType = sourcecode.c.h; path = GCDWebServerStreamedResponse.h; sourceTree = "<group>"; };
		73C342DB21001E910005BE62 /* GCDWebServerErrorResponse.m */ = {isa = PBXFileReference; fileEncoding = 4; lastKnownFileType = sourcecode.c.objc; path = GCDWebServerErrorResponse.m; sourceTree = "<group>"; };
		73C342DC21001E910005BE62 /* GCDWebServerDataResponse.h */ = {isa = PBXFileReference; fileEncoding = 4; lastKnownFileType = sourcecode.c.h; path = GCDWebServerDataResponse.h; sourceTree = "<group>"; };
		73C342DD21001E910005BE62 /* GCDWebServerFileResponse.m */ = {isa = PBXFileReference; fileEncoding = 4; lastKnownFileType = sourcecode.c.objc; path = GCDWebServerFileResponse.m; sourceTree = "<group>"; };
		73C342DE21001E910005BE62 /* GCDWebServerDataResponse.m */ = {isa = PBXFileReference; fileEncoding = 4; lastKnownFileType = sourcecode.c.objc; path = GCDWebServerDataResponse.m; sourceTree = "<group>"; };
		73C342DF21001E910005BE62 /* GCDWebServerErrorResponse.h */ = {isa = PBXFileReference; fileEncoding = 4; lastKnownFileType = sourcecode.c.h; path = GCDWebServerErrorResponse.h; sourceTree = "<group>"; };
		73C342E021001E910005BE62 /* GCDWebServerStreamedResponse.m */ = {isa = PBXFileReference; fileEncoding = 4; lastKnownFileType = sourcecode.c.objc; path = GCDWebServerStreamedResponse.m; sourceTree = "<group>"; };
		73C342E221001E910005BE62 /* GCDWebServerDataRequest.h */ = {isa = PBXFileReference; fileEncoding = 4; lastKnownFileType = sourcecode.c.h; path = GCDWebServerDataRequest.h; sourceTree = "<group>"; };
		73C342E321001E910005BE62 /* GCDWebServerMultiPartFormRequest.h */ = {isa = PBXFileReference; fileEncoding = 4; lastKnownFileType = sourcecode.c.h; path = GCDWebServerMultiPartFormRequest.h; sourceTree = "<group>"; };
		73C342E421001E910005BE62 /* GCDWebServerFileRequest.h */ = {isa = PBXFileReference; fileEncoding = 4; lastKnownFileType = sourcecode.c.h; path = GCDWebServerFileRequest.h; sourceTree = "<group>"; };
		73C342E521001E910005BE62 /* GCDWebServerURLEncodedFormRequest.m */ = {isa = PBXFileReference; fileEncoding = 4; lastKnownFileType = sourcecode.c.objc; path = GCDWebServerURLEncodedFormRequest.m; sourceTree = "<group>"; };
		73C342E621001E910005BE62 /* GCDWebServerMultiPartFormRequest.m */ = {isa = PBXFileReference; fileEncoding = 4; lastKnownFileType = sourcecode.c.objc; path = GCDWebServerMultiPartFormRequest.m; sourceTree = "<group>"; };
		73C342E721001E910005BE62 /* GCDWebServerDataRequest.m */ = {isa = PBXFileReference; fileEncoding = 4; lastKnownFileType = sourcecode.c.objc; path = GCDWebServerDataRequest.m; sourceTree = "<group>"; };
		73C342E821001E910005BE62 /* GCDWebServerFileRequest.m */ = {isa = PBXFileReference; fileEncoding = 4; lastKnownFileType = sourcecode.c.objc; path = GCDWebServerFileRequest.m; sourceTree = "<group>"; };
		73C342E921001E910005BE62 /* GCDWebServerURLEncodedFormRequest.h */ = {isa = PBXFileReference; fileEncoding = 4; lastKnownFileType = sourcecode.c.h; path = GCDWebServerURLEncodedFormRequest.h; sourceTree = "<group>"; };
		73C342FB210021560005BE62 /* libxml2.2.tbd */ = {isa = PBXFileReference; lastKnownFileType = "sourcecode.text-based-dylib-definition"; name = libxml2.2.tbd; path = usr/lib/libxml2.2.tbd; sourceTree = SDKROOT; };
		73C342FD21007B240005BE62 /* NaluHelper.h */ = {isa = PBXFileReference; fileEncoding = 4; lastKnownFileType = sourcecode.c.h; path = NaluHelper.h; sourceTree = "<group>"; };
		73C342FE21007B240005BE62 /* NaluHelper.m */ = {isa = PBXFileReference; fileEncoding = 4; lastKnownFileType = sourcecode.c.objc; path = NaluHelper.m; sourceTree = "<group>"; };
		73C34300210088E20005BE62 /* H264ToMp4.h */ = {isa = PBXFileReference; fileEncoding = 4; lastKnownFileType = sourcecode.c.h; path = H264ToMp4.h; sourceTree = "<group>"; };
		73C34301210088E20005BE62 /* H264ToMp4.m */ = {isa = PBXFileReference; fileEncoding = 4; lastKnownFileType = sourcecode.c.objc; path = H264ToMp4.m; sourceTree = "<group>"; };
		73D60B962105A6B400A2B2B2 /* AACEncoder.h */ = {isa = PBXFileReference; lastKnownFileType = sourcecode.c.h; path = AACEncoder.h; sourceTree = "<group>"; };
		73D60B972105A6B400A2B2B2 /* AACEncoder.m */ = {isa = PBXFileReference; lastKnownFileType = sourcecode.c.objc; path = AACEncoder.m; sourceTree = "<group>"; };
/* End PBXFileReference section */

/* Begin PBXFrameworksBuildPhase section */
		73B55D4E20FEC8F3008C3DE6 /* Frameworks */ = {
			isa = PBXFrameworksBuildPhase;
			buildActionMask = 2147483647;
			files = (
				73492F4B211922140022A425 /* libcrypto.a in Frameworks */,
				73C342FC210021560005BE62 /* libxml2.2.tbd in Frameworks */,
				73492F4C211922140022A425 /* libssl.a in Frameworks */,
			);
			runOnlyForDeploymentPostprocessing = 0;
		};
/* End PBXFrameworksBuildPhase section */

/* Begin PBXGroup section */
		73492F162117F7740022A425 /* RTMPLib */ = {
			isa = PBXGroup;
			children = (
				73492F32211921A70022A425 /* librtmp */,
				73492F2F2117F8C00022A425 /* RtmpSocket.h */,
				73492F2E2117F8C00022A425 /* RtmpSocket.m */,
			);
			path = RTMPLib;
			sourceTree = "<group>";
		};
		73492F32211921A70022A425 /* librtmp */ = {
			isa = PBXGroup;
			children = (
				73492F49211922140022A425 /* libcrypto.a */,
				73492F4A211922140022A425 /* libssl.a */,
				73492F33211921A70022A425 /* log.c */,
				73492F34211921A70022A425 /* error.h */,
				73492F35211921A70022A425 /* http.h */,
				73492F36211921A70022A425 /* handshake.h */,
				73492F37211921A70022A425 /* dh.h */,
				73492F38211921A70022A425 /* dhgroups.h */,
				73492F39211921A70022A425 /* rtmp_sys.h */,
				73492F3A211921A70022A425 /* hashswf.c */,
				73492F3B211921A70022A425 /* rtmp.c */,
				73492F3C211921A70022A425 /* amf.h */,
				73492F3D211921A70022A425 /* error.c */,
				73492F3E211921A70022A425 /* log.h */,
				73492F3F211921A70022A425 /* bytes.h */,
				73492F40211921A70022A425 /* parseurl.c */,
				73492F41211921A70022A425 /* amf.c */,
				73492F42211921A70022A425 /* rtmp.h */,
			);
			path = librtmp;
			sourceTree = "<group>";
		};
		734A2305210B1E0100D44129 /* AACAudioPlayer */ = {
			isa = PBXGroup;
			children = (
				734A2306210B1E0100D44129 /* AACParsedAudioData.h */,
				734A230D210B1E0100D44129 /* AACParsedAudioData.m */,
				734A230C210B1E0100D44129 /* AACAudioBuffer.h */,
				734A2307210B1E0100D44129 /* AACAudioBuffer.m */,
				734A2308210B1E0100D44129 /* AACAudioOutputQueue.h */,
				734A230E210B1E0100D44129 /* AACAudioOutputQueue.m */,
				734A230F210B1E0100D44129 /* AACAudioFileStream.h */,
				734A2309210B1E0100D44129 /* AACAudioFileStream.m */,
				734A230A210B1E0100D44129 /* AACAudioPlayer.h */,
				734A2311210B1E0100D44129 /* AACAudioPlayer.m */,
				734A230B210B1E0100D44129 /* AACAudioFile.h */,
				734A2310210B1E0100D44129 /* AACAudioFile.m */,
			);
			path = AACAudioPlayer;
			sourceTree = "<group>";
		};
		73B55D4820FEC8F3008C3DE6 = {
			isa = PBXGroup;
			children = (
				73B55D5320FEC8F3008C3DE6 /* VTH264Demo */,
				73B55D5220FEC8F3008C3DE6 /* Products */,
				73C342FA210021560005BE62 /* Frameworks */,
			);
			sourceTree = "<group>";
		};
		73B55D5220FEC8F3008C3DE6 /* Products */ = {
			isa = PBXGroup;
			children = (
				73B55D5120FEC8F3008C3DE6 /* VTH264Demo.app */,
			);
			name = Products;
			sourceTree = "<group>";
		};
		73B55D5320FEC8F3008C3DE6 /* VTH264Demo */ = {
			isa = PBXGroup;
			children = (
				73C342C721001E910005BE62 /* GCDWebDAVServer */,
				73C342CA21001E910005BE62 /* GCDWebServer */,
				73C342C321001E910005BE62 /* GCDWebUploader */,
				73B55D6A20FECA89008C3DE6 /* H264lib */,
				73D60B952105A68300A2B2B2 /* AAClib */,
				73492F162117F7740022A425 /* RTMPLib */,
				73B55D5420FEC8F4008C3DE6 /* AppDelegate.h */,
				73B55D5520FEC8F4008C3DE6 /* AppDelegate.m */,
				73B55D5720FEC8F4008C3DE6 /* ViewController.h */,
				73B55D5820FEC8F4008C3DE6 /* ViewController.m */,
				73B55D5A20FEC8F4008C3DE6 /* Main.storyboard */,
				73B55D5D20FEC8F5008C3DE6 /* Assets.xcassets */,
				73B55D5F20FEC8F5008C3DE6 /* LaunchScreen.storyboard */,
				73B55D6220FEC8F5008C3DE6 /* Info.plist */,
				736F67802111CD0D0027F52F /* test.aac */,
				736F67772111635B0027F52F /* test.h264 */,
				7393C6E9210EA07700790620 /* MP3Sample.mp3 */,
				73B55D6320FEC8F5008C3DE6 /* main.m */,
			);
			path = VTH264Demo;
			sourceTree = "<group>";
		};
		73B55D6A20FECA89008C3DE6 /* H264lib */ = {
			isa = PBXGroup;
			children = (
				73C34300210088E20005BE62 /* H264ToMp4.h */,
				73C34301210088E20005BE62 /* H264ToMp4.m */,
				73C342FD21007B240005BE62 /* NaluHelper.h */,
				73C342FE21007B240005BE62 /* NaluHelper.m */,
				73B55D6B20FECA89008C3DE6 /* H264HwEncoder.h */,
				73B55D6E20FECA89008C3DE6 /* H264HwEncoder.m */,
				73B55D6C20FECA89008C3DE6 /* H264HwDecoder.h */,
				73B55D7020FECA89008C3DE6 /* H264HwDecoder.m */,
				73B55D6F20FECA89008C3DE6 /* AAPLEAGLLayer.h */,
				73B55D6D20FECA89008C3DE6 /* AAPLEAGLLayer.m */,
			);
			path = H264lib;
			sourceTree = "<group>";
		};
		73C342C321001E910005BE62 /* GCDWebUploader */ = {
			isa = PBXGroup;
			children = (
				73C342C421001E910005BE62 /* GCDWebUploader.bundle */,
				73C342C521001E910005BE62 /* GCDWebUploader.h */,
				73C342C621001E910005BE62 /* GCDWebUploader.m */,
			);
			path = GCDWebUploader;
			sourceTree = "<group>";
		};
		73C342C721001E910005BE62 /* GCDWebDAVServer */ = {
			isa = PBXGroup;
			children = (
				73C342C821001E910005BE62 /* GCDWebDAVServer.h */,
				73C342C921001E910005BE62 /* GCDWebDAVServer.m */,
			);
			path = GCDWebDAVServer;
			sourceTree = "<group>";
		};
		73C342CA21001E910005BE62 /* GCDWebServer */ = {
			isa = PBXGroup;
			children = (
				73C342CB21001E910005BE62 /* Core */,
				73C342D821001E910005BE62 /* Responses */,
				73C342E121001E910005BE62 /* Requests */,
			);
			path = GCDWebServer;
			sourceTree = "<group>";
		};
		73C342CB21001E910005BE62 /* Core */ = {
			isa = PBXGroup;
			children = (
				73C342CC21001E910005BE62 /* GCDWebServerFunctions.h */,
				73C342CD21001E910005BE62 /* GCDWebServerPrivate.h */,
				73C342CE21001E910005BE62 /* GCDWebServerResponse.m */,
				73C342CF21001E910005BE62 /* GCDWebServerConnection.h */,
				73C342D021001E910005BE62 /* GCDWebServer.h */,
				73C342D121001E910005BE62 /* GCDWebServerRequest.m */,
				73C342D221001E910005BE62 /* GCDWebServerHTTPStatusCodes.h */,
				73C342D321001E910005BE62 /* GCDWebServerResponse.h */,
				73C342D421001E910005BE62 /* GCDWebServerFunctions.m */,
				73C342D521001E910005BE62 /* GCDWebServer.m */,
				73C342D621001E910005BE62 /* GCDWebServerConnection.m */,
				73C342D721001E910005BE62 /* GCDWebServerRequest.h */,
			);
			path = Core;
			sourceTree = "<group>";
		};
		73C342D821001E910005BE62 /* Responses */ = {
			isa = PBXGroup;
			children = (
				73C342D921001E910005BE62 /* GCDWebServerFileResponse.h */,
				73C342DA21001E910005BE62 /* GCDWebServerStreamedResponse.h */,
				73C342DB21001E910005BE62 /* GCDWebServerErrorResponse.m */,
				73C342DC21001E910005BE62 /* GCDWebServerDataResponse.h */,
				73C342DD21001E910005BE62 /* GCDWebServerFileResponse.m */,
				73C342DE21001E910005BE62 /* GCDWebServerDataResponse.m */,
				73C342DF21001E910005BE62 /* GCDWebServerErrorResponse.h */,
				73C342E021001E910005BE62 /* GCDWebServerStreamedResponse.m */,
			);
			path = Responses;
			sourceTree = "<group>";
		};
		73C342E121001E910005BE62 /* Requests */ = {
			isa = PBXGroup;
			children = (
				73C342E221001E910005BE62 /* GCDWebServerDataRequest.h */,
				73C342E321001E910005BE62 /* GCDWebServerMultiPartFormRequest.h */,
				73C342E421001E910005BE62 /* GCDWebServerFileRequest.h */,
				73C342E521001E910005BE62 /* GCDWebServerURLEncodedFormRequest.m */,
				73C342E621001E910005BE62 /* GCDWebServerMultiPartFormRequest.m */,
				73C342E721001E910005BE62 /* GCDWebServerDataRequest.m */,
				73C342E821001E910005BE62 /* GCDWebServerFileRequest.m */,
				73C342E921001E910005BE62 /* GCDWebServerURLEncodedFormRequest.h */,
			);
			path = Requests;
			sourceTree = "<group>";
		};
		73C342FA210021560005BE62 /* Frameworks */ = {
			isa = PBXGroup;
			children = (
				73C342FB210021560005BE62 /* libxml2.2.tbd */,
			);
			name = Frameworks;
			sourceTree = "<group>";
		};
		73D60B952105A68300A2B2B2 /* AAClib */ = {
			isa = PBXGroup;
			children = (
				734A2305210B1E0100D44129 /* AACAudioPlayer */,
				73D60B962105A6B400A2B2B2 /* AACEncoder.h */,
				73D60B972105A6B400A2B2B2 /* AACEncoder.m */,
				736F678C21130B310027F52F /* AACDecoder.h */,
				736F678D21130B310027F52F /* AACDecoder.m */,
				73296D4521087C37001B207E /* AACHelper.h */,
				73296D4621087C37001B207E /* AACHelper.m */,
			);
			path = AAClib;
			sourceTree = "<group>";
		};
/* End PBXGroup section */

/* Begin PBXNativeTarget section */
		73B55D5020FEC8F3008C3DE6 /* VTH264Demo */ = {
			isa = PBXNativeTarget;
			buildConfigurationList = 73B55D6720FEC8F5008C3DE6 /* Build configuration list for PBXNativeTarget "VTH264Demo" */;
			buildPhases = (
				73B55D4D20FEC8F3008C3DE6 /* Sources */,
				73B55D4E20FEC8F3008C3DE6 /* Frameworks */,
				73B55D4F20FEC8F3008C3DE6 /* Resources */,
			);
			buildRules = (
			);
			dependencies = (
			);
			name = VTH264Demo;
			productName = VTH264Demo;
			productReference = 73B55D5120FEC8F3008C3DE6 /* VTH264Demo.app */;
			productType = "com.apple.product-type.application";
		};
/* End PBXNativeTarget section */

/* Begin PBXProject section */
		73B55D4920FEC8F3008C3DE6 /* Project object */ = {
			isa = PBXProject;
			attributes = {
				LastUpgradeCheck = 0940;
				ORGANIZATIONNAME = MOON;
				TargetAttributes = {
					73B55D5020FEC8F3008C3DE6 = {
						CreatedOnToolsVersion = 9.4.1;
					};
				};
			};
			buildConfigurationList = 73B55D4C20FEC8F3008C3DE6 /* Build configuration list for PBXProject "VTH264Demo" */;
			compatibilityVersion = "Xcode 9.3";
			developmentRegion = en;
			hasScannedForEncodings = 0;
			knownRegions = (
				en,
				Base,
			);
			mainGroup = 73B55D4820FEC8F3008C3DE6;
			productRefGroup = 73B55D5220FEC8F3008C3DE6 /* Products */;
			projectDirPath = "";
			projectRoot = "";
			targets = (
				73B55D5020FEC8F3008C3DE6 /* VTH264Demo */,
			);
		};
/* End PBXProject section */

/* Begin PBXResourcesBuildPhase section */
		73B55D4F20FEC8F3008C3DE6 /* Resources */ = {
			isa = PBXResourcesBuildPhase;
			buildActionMask = 2147483647;
			files = (
				73B55D6120FEC8F5008C3DE6 /* LaunchScreen.storyboard in Resources */,
				736F67812111CD0D0027F52F /* test.aac in Resources */,
				7393C6EA210EA07700790620 /* MP3Sample.mp3 in Resources */,
				73C342EA21001E910005BE62 /* GCDWebUploader.bundle in Resources */,
				73B55D5E20FEC8F5008C3DE6 /* Assets.xcassets in Resources */,
				73B55D5C20FEC8F4008C3DE6 /* Main.storyboard in Resources */,
				736F67782111635B0027F52F /* test.h264 in Resources */,
			);
			runOnlyForDeploymentPostprocessing = 0;
		};
/* End PBXResourcesBuildPhase section */

/* Begin PBXSourcesBuildPhase section */
		73B55D4D20FEC8F3008C3DE6 /* Sources */ = {
			isa = PBXSourcesBuildPhase;
			buildActionMask = 2147483647;
			files = (
				73C342F121001E910005BE62 /* GCDWebServerConnection.m in Sources */,
				73C342F621001E910005BE62 /* GCDWebServerURLEncodedFormRequest.m in Sources */,
				73492F302117F8C00022A425 /* RtmpSocket.m in Sources */,
				736F678E21130B310027F52F /* AACDecoder.m in Sources */,
				73C342F821001E910005BE62 /* GCDWebServerDataRequest.m in Sources */,
				73C342F421001E910005BE62 /* GCDWebServerDataResponse.m in Sources */,
				73D60B982105A6B400A2B2B2 /* AACEncoder.m in Sources */,
				734A2315210B1E0100D44129 /* AACAudioOutputQueue.m in Sources */,
				73C342F521001E910005BE62 /* GCDWebServerStreamedResponse.m in Sources */,
				734A2314210B1E0100D44129 /* AACParsedAudioData.m in Sources */,
				73C342EF21001E910005BE62 /* GCDWebServerFunctions.m in Sources */,
				73492F44211921A70022A425 /* hashswf.c in Sources */,
				73C342F221001E910005BE62 /* GCDWebServerErrorResponse.m in Sources */,
				73492F46211921A70022A425 /* error.c in Sources */,
				73C342F721001E910005BE62 /* GCDWebServerMultiPartFormRequest.m in Sources */,
				73B55D5920FEC8F4008C3DE6 /* ViewController.m in Sources */,
				73492F43211921A70022A425 /* log.c in Sources */,
				73C342F321001E910005BE62 /* GCDWebServerFileResponse.m in Sources */,
				73C34302210088E20005BE62 /* H264ToMp4.m in Sources */,
				734A2317210B1E0100D44129 /* AACAudioPlayer.m in Sources */,
				73B55D7320FECA89008C3DE6 /* H264HwDecoder.m in Sources */,
				734A2313210B1E0100D44129 /* AACAudioFileStream.m in Sources */,
				734A2312210B1E0100D44129 /* AACAudioBuffer.m in Sources */,
				73492F47211921A70022A425 /* parseurl.c in Sources */,
				73C342EC21001E910005BE62 /* GCDWebDAVServer.m in Sources */,
				734A2316210B1E0100D44129 /* AACAudioFile.m in Sources */,
				73B55D7220FECA89008C3DE6 /* H264HwEncoder.m in Sources */,
				73C342EE21001E910005BE62 /* GCDWebServerRequest.m in Sources */,
				73492F45211921A70022A425 /* rtmp.c in Sources */,
				73B55D6420FEC8F5008C3DE6 /* main.m in Sources */,
				73C342ED21001E910005BE62 /* GCDWebServerResponse.m in Sources */,
				73C342F021001E910005BE62 /* GCDWebServer.m in Sources */,
				73C342F921001E910005BE62 /* GCDWebServerFileRequest.m in Sources */,
				73296D4721087C37001B207E /* AACHelper.m in Sources */,
				73C342EB21001E910005BE62 /* GCDWebUploader.m in Sources */,
				73C342FF21007B240005BE62 /* NaluHelper.m in Sources */,
				73492F48211921A70022A425 /* amf.c in Sources */,
				73B55D7120FECA89008C3DE6 /* AAPLEAGLLayer.m in Sources */,
				73B55D5620FEC8F4008C3DE6 /* AppDelegate.m in Sources */,
			);
			runOnlyForDeploymentPostprocessing = 0;
		};
/* End PBXSourcesBuildPhase section */

/* Begin PBXVariantGroup section */
		73B55D5A20FEC8F4008C3DE6 /* Main.storyboard */ = {
			isa = PBXVariantGroup;
			children = (
				73B55D5B20FEC8F4008C3DE6 /* Base */,
			);
			name = Main.storyboard;
			sourceTree = "<group>";
		};
		73B55D5F20FEC8F5008C3DE6 /* LaunchScreen.storyboard */ = {
			isa = PBXVariantGroup;
			children = (
				73B55D6020FEC8F5008C3DE6 /* Base */,
			);
			name = LaunchScreen.storyboard;
			sourceTree = "<group>";
		};
/* End PBXVariantGroup section */

/* Begin XCBuildConfiguration section */
		73B55D6520FEC8F5008C3DE6 /* Debug */ = {
			isa = XCBuildConfiguration;
			buildSettings = {
				ALWAYS_SEARCH_USER_PATHS = NO;
				CLANG_ANALYZER_NONNULL = YES;
				CLANG_ANALYZER_NUMBER_OBJECT_CONVERSION = YES_AGGRESSIVE;
				CLANG_CXX_LANGUAGE_STANDARD = "gnu++14";
				CLANG_CXX_LIBRARY = "libc++";
				CLANG_ENABLE_MODULES = YES;
				CLANG_ENABLE_OBJC_ARC = YES;
				CLANG_ENABLE_OBJC_WEAK = YES;
				CLANG_WARN_BLOCK_CAPTURE_AUTORELEASING = YES;
				CLANG_WARN_BOOL_CONVERSION = YES;
				CLANG_WARN_COMMA = YES;
				CLANG_WARN_CONSTANT_CONVERSION = YES;
				CLANG_WARN_DEPRECATED_OBJC_IMPLEMENTATIONS = YES;
				CLANG_WARN_DIRECT_OBJC_ISA_USAGE = YES_ERROR;
				CLANG_WARN_DOCUMENTATION_COMMENTS = YES;
				CLANG_WARN_EMPTY_BODY = YES;
				CLANG_WARN_ENUM_CONVERSION = YES;
				CLANG_WARN_INFINITE_RECURSION = YES;
				CLANG_WARN_INT_CONVERSION = YES;
				CLANG_WARN_NON_LITERAL_NULL_CONVERSION = YES;
				CLANG_WARN_OBJC_IMPLICIT_RETAIN_SELF = YES;
				CLANG_WARN_OBJC_LITERAL_CONVERSION = YES;
				CLANG_WARN_OBJC_ROOT_CLASS = YES_ERROR;
				CLANG_WARN_RANGE_LOOP_ANALYSIS = YES;
				CLANG_WARN_STRICT_PROTOTYPES = YES;
				CLANG_WARN_SUSPICIOUS_MOVE = YES;
				CLANG_WARN_UNGUARDED_AVAILABILITY = YES_AGGRESSIVE;
				CLANG_WARN_UNREACHABLE_CODE = YES;
				CLANG_WARN__DUPLICATE_METHOD_MATCH = YES;
				CODE_SIGN_IDENTITY = "iPhone Developer";
				COPY_PHASE_STRIP = NO;
				DEBUG_INFORMATION_FORMAT = dwarf;
				ENABLE_STRICT_OBJC_MSGSEND = YES;
				ENABLE_TESTABILITY = YES;
				GCC_C_LANGUAGE_STANDARD = gnu11;
				GCC_DYNAMIC_NO_PIC = NO;
				GCC_NO_COMMON_BLOCKS = YES;
				GCC_OPTIMIZATION_LEVEL = 0;
				GCC_PREPROCESSOR_DEFINITIONS = (
					"DEBUG=1",
					"$(inherited)",
				);
				GCC_WARN_64_TO_32_BIT_CONVERSION = YES;
				GCC_WARN_ABOUT_RETURN_TYPE = YES_ERROR;
				GCC_WARN_UNDECLARED_SELECTOR = YES;
				GCC_WARN_UNINITIALIZED_AUTOS = YES_AGGRESSIVE;
				GCC_WARN_UNUSED_FUNCTION = YES;
				GCC_WARN_UNUSED_VARIABLE = YES;
				IPHONEOS_DEPLOYMENT_TARGET = 9.0;
				MTL_ENABLE_DEBUG_INFO = YES;
				ONLY_ACTIVE_ARCH = YES;
				SDKROOT = iphoneos;
			};
			name = Debug;
		};
		73B55D6620FEC8F5008C3DE6 /* Release */ = {
			isa = XCBuildConfiguration;
			buildSettings = {
				ALWAYS_SEARCH_USER_PATHS = NO;
				CLANG_ANALYZER_NONNULL = YES;
				CLANG_ANALYZER_NUMBER_OBJECT_CONVERSION = YES_AGGRESSIVE;
				CLANG_CXX_LANGUAGE_STANDARD = "gnu++14";
				CLANG_CXX_LIBRARY = "libc++";
				CLANG_ENABLE_MODULES = YES;
				CLANG_ENABLE_OBJC_ARC = YES;
				CLANG_ENABLE_OBJC_WEAK = YES;
				CLANG_WARN_BLOCK_CAPTURE_AUTORELEASING = YES;
				CLANG_WARN_BOOL_CONVERSION = YES;
				CLANG_WARN_COMMA = YES;
				CLANG_WARN_CONSTANT_CONVERSION = YES;
				CLANG_WARN_DEPRECATED_OBJC_IMPLEMENTATIONS = YES;
				CLANG_WARN_DIRECT_OBJC_ISA_USAGE = YES_ERROR;
				CLANG_WARN_DOCUMENTATION_COMMENTS = YES;
				CLANG_WARN_EMPTY_BODY = YES;
				CLANG_WARN_ENUM_CONVERSION = YES;
				CLANG_WARN_INFINITE_RECURSION = YES;
				CLANG_WARN_INT_CONVERSION = YES;
				CLANG_WARN_NON_LITERAL_NULL_CONVERSION = YES;
				CLANG_WARN_OBJC_IMPLICIT_RETAIN_SELF = YES;
				CLANG_WARN_OBJC_LITERAL_CONVERSION = YES;
				CLANG_WARN_OBJC_ROOT_CLASS = YES_ERROR;
				CLANG_WARN_RANGE_LOOP_ANALYSIS = YES;
				CLANG_WARN_STRICT_PROTOTYPES = YES;
				CLANG_WARN_SUSPICIOUS_MOVE = YES;
				CLANG_WARN_UNGUARDED_AVAILABILITY = YES_AGGRESSIVE;
				CLANG_WARN_UNREACHABLE_CODE = YES;
				CLANG_WARN__DUPLICATE_METHOD_MATCH = YES;
				CODE_SIGN_IDENTITY = "iPhone Developer";
				COPY_PHASE_STRIP = NO;
				DEBUG_INFORMATION_FORMAT = "dwarf-with-dsym";
				ENABLE_NS_ASSERTIONS = NO;
				ENABLE_STRICT_OBJC_MSGSEND = YES;
				GCC_C_LANGUAGE_STANDARD = gnu11;
				GCC_NO_COMMON_BLOCKS = YES;
				GCC_WARN_64_TO_32_BIT_CONVERSION = YES;
				GCC_WARN_ABOUT_RETURN_TYPE = YES_ERROR;
				GCC_WARN_UNDECLARED_SELECTOR = YES;
				GCC_WARN_UNINITIALIZED_AUTOS = YES_AGGRESSIVE;
				GCC_WARN_UNUSED_FUNCTION = YES;
				GCC_WARN_UNUSED_VARIABLE = YES;
				IPHONEOS_DEPLOYMENT_TARGET = 9.0;
				MTL_ENABLE_DEBUG_INFO = NO;
				SDKROOT = iphoneos;
				VALIDATE_PRODUCT = YES;
			};
			name = Release;
		};
		73B55D6820FEC8F5008C3DE6 /* Debug */ = {
			isa = XCBuildConfiguration;
			buildSettings = {
				ASSETCATALOG_COMPILER_APPICON_NAME = AppIcon;
				CLANG_WARN_OBJC_IMPLICIT_RETAIN_SELF = NO;
				CODE_SIGN_STYLE = Automatic;
				DEVELOPMENT_TEAM = B5Y4Q4J39L;
				ENABLE_BITCODE = NO;
				HEADER_SEARCH_PATHS = (
					"${SDK_ROOT}/usr/include/libxml2",
					"$(inherited)",
					"$(PROJECT_DIR)/VTH264Demo/RTMPLib/librtmp",
				);
				INFOPLIST_FILE = VTH264Demo/Info.plist;
				IPHONEOS_DEPLOYMENT_TARGET = 9.0;
				LD_RUNPATH_SEARCH_PATHS = (
					"$(inherited)",
					"@executable_path/Frameworks",
				);
				LIBRARY_SEARCH_PATHS = (
					"$(inherited)",
					"$(PROJECT_DIR)/VTH264Demo/RTMPLib/librtmp",
				);
				PRODUCT_BUNDLE_IDENTIFIER = com.pingan.VTH264Demo;
				PRODUCT_NAME = "$(TARGET_NAME)";
				TARGETED_DEVICE_FAMILY = "1,2";
			};
			name = Debug;
		};
		73B55D6920FEC8F5008C3DE6 /* Release */ = {
			isa = XCBuildConfiguration;
			buildSettings = {
				ASSETCATALOG_COMPILER_APPICON_NAME = AppIcon;
				CLANG_WARN_OBJC_IMPLICIT_RETAIN_SELF = NO;
				CODE_SIGN_STYLE = Automatic;
				DEVELOPMENT_TEAM = B5Y4Q4J39L;
				ENABLE_BITCODE = NO;
				HEADER_SEARCH_PATHS = (
					"${SDK_ROOT}/usr/include/libxml2",
					"$(inherited)",
					"$(PROJECT_DIR)/VTH264Demo/RTMPLib/librtmp",
				);
				INFOPLIST_FILE = VTH264Demo/Info.plist;
				IPHONEOS_DEPLOYMENT_TARGET = 9.0;
				LD_RUNPATH_SEARCH_PATHS = (
					"$(inherited)",
					"@executable_path/Frameworks",
				);
				LIBRARY_SEARCH_PATHS = (
					"$(inherited)",
					"$(PROJECT_DIR)/VTH264Demo/RTMPLib/librtmp",
				);
				PRODUCT_BUNDLE_IDENTIFIER = com.pingan.VTH264Demo;
				PRODUCT_NAME = "$(TARGET_NAME)";
				TARGETED_DEVICE_FAMILY = "1,2";
			};
			name = Release;
		};
/* End XCBuildConfiguration section */

/* Begin XCConfigurationList section */
		73B55D4C20FEC8F3008C3DE6 /* Build configuration list for PBXProject "VTH264Demo" */ = {
			isa = XCConfigurationList;
			buildConfigurations = (
				73B55D6520FEC8F5008C3DE6 /* Debug */,
				73B55D6620FEC8F5008C3DE6 /* Release */,
			);
			defaultConfigurationIsVisible = 0;
			defaultConfigurationName = Release;
		};
		73B55D6720FEC8F5008C3DE6 /* Build configuration list for PBXNativeTarget "VTH264Demo" */ = {
			isa = XCConfigurationList;
			buildConfigurations = (
				73B55D6820FEC8F5008C3DE6 /* Debug */,
				73B55D6920FEC8F5008C3DE6 /* Release */,
			);
			defaultConfigurationIsVisible = 0;
			defaultConfigurationName = Release;
		};
/* End XCConfigurationList section */
	};
	rootObject = 73B55D4920FEC8F3008C3DE6 /* Project object */;
}
